
Microsoft Visual Studio Solution File, Format Version 12.00
# Visual Studio 15
VisualStudioVersion = 15.0.26730.16
MinimumVisualStudioVersion = 10.0.40219.1
Project("{FAE04EC0-301F-11D3-BF4B-00C04F79EFBC}") = "Pacman", "Pacman\Pacman.csproj", "{A49877F1-83D8-4A3B-9EF2-3AEF8DBEC543}"
EndProject
Global
	GlobalSection(SolutionConfigurationPlatforms) = preSolution
		Debug|Any CPU = Debug|Any CPU
		Release|Any CPU = Release|Any CPU
	EndGlobalSection
	GlobalSection(ProjectConfigurationPlatforms) = postSolution
		{A49877F1-83D8-4A3B-9EF2-3AEF8DBEC543}.Debug|Any CPU.ActiveCfg = Debug|Any CPU
		{A49877F1-83D8-4A3B-9EF2-3AEF8DBEC543}.Debug|Any CPU.Build.0 = Debug|Any CPU
		{A49877F1-83D8-4A3B-9EF2-3AEF8DBEC543}.Release|Any CPU.ActiveCfg = Release|Any CPU
		{A49877F1-83D8-4A3B-9EF2-3AEF8DBEC543}.Release|Any CPU.Build.0 = Release|Any CPU
	EndGlobalSection
	GlobalSection(SolutionProperties) = preSolution
		HideSolutionNode = FALSE
	EndGlobalSection
	GlobalSection(ExtensibilityGlobals) = postSolution
		SolutionGuid = {5B0132EB-53F0-4FFF-B6CC-7C42992730FC}
	EndGlobalSection
EndGlobal
